// !$*UTF8*$!
{
	archiveVersion = 1;
	classes = {
	};
	objectVersion = 56;
	objects = {

/* Begin PBXBuildFile section */
		1869A3852C859D7700124DBB /* SwipeActionView.swift in Sources */ = {isa = PBXBuildFile; fileRef = 1869A3842C859D7700124DBB /* SwipeActionView.swift */; };
		1869A3872C85A36100124DBB /* NotificationsView.swift in Sources */ = {isa = PBXBuildFile; fileRef = 1869A3862C85A36100124DBB /* NotificationsView.swift */; };
		1869A3AD2C8EE57300124DBB /* ProspectsView.swift in Sources */ = {isa = PBXBuildFile; fileRef = 1869A3AC2C8EE57300124DBB /* ProspectsView.swift */; };
		1869A3AF2C8EE58B00124DBB /* MeView.swift in Sources */ = {isa = PBXBuildFile; fileRef = 1869A3AE2C8EE58B00124DBB /* MeView.swift */; };
		1869A3B22C8F74EB00124DBB /* ContentView.swift in Sources */ = {isa = PBXBuildFile; fileRef = 1869A3B12C8F74EB00124DBB /* ContentView.swift */; };
		1869A3B42C8F7B9800124DBB /* Prospect.swift in Sources */ = {isa = PBXBuildFile; fileRef = 1869A3B32C8F7B9800124DBB /* Prospect.swift */; };
		1869A3B62C9051A100124DBB /* PackageManagerUI.swift in Sources */ = {isa = PBXBuildFile; fileRef = 1869A3B52C9051A100124DBB /* PackageManagerUI.swift */; };
		1869A3B92C90556000124DBB /* SamplePackage in Frameworks */ = {isa = PBXBuildFile; productRef = 1869A3B82C90556000124DBB /* SamplePackage */; };
		1869A3BC2C906F7000124DBB /* CodeScanner in Frameworks */ = {isa = PBXBuildFile; productRef = 1869A3BB2C906F7000124DBB /* CodeScanner */; };
		189020D72C83439B00707356 /* HotProspectsApp.swift in Sources */ = {isa = PBXBuildFile; fileRef = 189020D62C83439B00707356 /* HotProspectsApp.swift */; };
		189020D92C83439B00707356 /* ContentViewSecond.swift in Sources */ = {isa = PBXBuildFile; fileRef = 189020D82C83439B00707356 /* ContentViewSecond.swift */; };
		189020DB2C83439D00707356 /* Assets.xcassets in Resources */ = {isa = PBXBuildFile; fileRef = 189020DA2C83439D00707356 /* Assets.xcassets */; };
		189020DE2C83439D00707356 /* Preview Assets.xcassets in Resources */ = {isa = PBXBuildFile; fileRef = 189020DD2C83439D00707356 /* Preview Assets.xcassets */; };
		189020E52C838F6300707356 /* TabViewUI.swift in Sources */ = {isa = PBXBuildFile; fileRef = 189020E42C838F6300707356 /* TabViewUI.swift */; };
		189020E72C83C52A00707356 /* ResultView.swift in Sources */ = {isa = PBXBuildFile; fileRef = 189020E62C83C52A00707356 /* ResultView.swift */; };
		189020E92C83D82700707356 /* InterpolationView.swift in Sources */ = {isa = PBXBuildFile; fileRef = 189020E82C83D82700707356 /* InterpolationView.swift */; };
		189020EB2C83DDD400707356 /* ContextMenuUI.swift in Sources */ = {isa = PBXBuildFile; fileRef = 189020EA2C83DDD400707356 /* ContextMenuUI.swift */; };
		18FAC2E42CA4302700CF9126 /* PracticeUIView.swift in Sources */ = {isa = PBXBuildFile; fileRef = 18FAC2E32CA4302700CF9126 /* PracticeUIView.swift */; };
/* End PBXBuildFile section */

/* Begin PBXFileReference section */
		1869A3842C859D7700124DBB /* SwipeActionView.swift */ = {isa = PBXFileReference; lastKnownFileType = sourcecode.swift; path = SwipeActionView.swift; sourceTree = "<group>"; };
		1869A3862C85A36100124DBB /* NotificationsView.swift */ = {isa = PBXFileReference; lastKnownFileType = sourcecode.swift; path = NotificationsView.swift; sourceTree = "<group>"; };
		1869A3AC2C8EE57300124DBB /* ProspectsView.swift */ = {isa = PBXFileReference; lastKnownFileType = sourcecode.swift; path = ProspectsView.swift; sourceTree = "<group>"; };
		1869A3AE2C8EE58B00124DBB /* MeView.swift */ = {isa = PBXFileReference; lastKnownFileType = sourcecode.swift; path = MeView.swift; sourceTree = "<group>"; };
		1869A3B12C8F74EB00124DBB /* ContentView.swift */ = {isa = PBXFileReference; lastKnownFileType = sourcecode.swift; path = ContentView.swift; sourceTree = "<group>"; };
		1869A3B32C8F7B9800124DBB /* Prospect.swift */ = {isa = PBXFileReference; lastKnownFileType = sourcecode.swift; path = Prospect.swift; sourceTree = "<group>"; };
		1869A3B52C9051A100124DBB /* PackageManagerUI.swift */ = {isa = PBXFileReference; lastKnownFileType = sourcecode.swift; path = PackageManagerUI.swift; sourceTree = "<group>"; };
		189020D32C83439B00707356 /* HotProspects.app */ = {isa = PBXFileReference; explicitFileType = wrapper.application; includeInIndex = 0; path = HotProspects.app; sourceTree = BUILT_PRODUCTS_DIR; };
		189020D62C83439B00707356 /* HotProspectsApp.swift */ = {isa = PBXFileReference; lastKnownFileType = sourcecode.swift; path = HotProspectsApp.swift; sourceTree = "<group>"; };
		189020D82C83439B00707356 /* ContentViewSecond.swift */ = {isa = PBXFileReference; lastKnownFileType = sourcecode.swift; path = ContentViewSecond.swift; sourceTree = "<group>"; };
		189020DA2C83439D00707356 /* Assets.xcassets */ = {isa = PBXFileReference; lastKnownFileType = folder.assetcatalog; path = Assets.xcassets; sourceTree = "<group>"; };
		189020DD2C83439D00707356 /* Preview Assets.xcassets */ = {isa = PBXFileReference; lastKnownFileType = folder.assetcatalog; path = "Preview Assets.xcassets"; sourceTree = "<group>"; };
		189020E42C838F6300707356 /* TabViewUI.swift */ = {isa = PBXFileReference; lastKnownFileType = sourcecode.swift; path = TabViewUI.swift; sourceTree = "<group>"; };
		189020E62C83C52A00707356 /* ResultView.swift */ = {isa = PBXFileReference; lastKnownFileType = sourcecode.swift; path = ResultView.swift; sourceTree = "<group>"; };
		189020E82C83D82700707356 /* InterpolationView.swift */ = {isa = PBXFileReference; lastKnownFileType = sourcecode.swift; path = InterpolationView.swift; sourceTree = "<group>"; };
		189020EA2C83DDD400707356 /* ContextMenuUI.swift */ = {isa = PBXFileReference; lastKnownFileType = sourcecode.swift; path = ContextMenuUI.swift; sourceTree = "<group>"; };
		18FAC2E32CA4302700CF9126 /* PracticeUIView.swift */ = {isa = PBXFileReference; lastKnownFileType = sourcecode.swift; path = PracticeUIView.swift; sourceTree = "<group>"; };
/* End PBXFileReference section */

/* Begin PBXFrameworksBuildPhase section */
		189020D02C83439B00707356 /* Frameworks */ = {
			isa = PBXFrameworksBuildPhase;
			buildActionMask = 2147483647;
			files = (
				1869A3BC2C906F7000124DBB /* CodeScanner in Frameworks */,
				1869A3B92C90556000124DBB /* SamplePackage in Frameworks */,
			);
			runOnlyForDeploymentPostprocessing = 0;
		};
/* End PBXFrameworksBuildPhase section */

/* Begin PBXGroup section */
		1869A3B02C8EEA7B00124DBB /* ImportantConcept */ = {
			isa = PBXGroup;
			children = (
				1869A3862C85A36100124DBB /* NotificationsView.swift */,
				189020E42C838F6300707356 /* TabViewUI.swift */,
				189020EA2C83DDD400707356 /* ContextMenuUI.swift */,
				189020E82C83D82700707356 /* InterpolationView.swift */,
				189020E62C83C52A00707356 /* ResultView.swift */,
				189020D82C83439B00707356 /* ContentViewSecond.swift */,
				1869A3842C859D7700124DBB /* SwipeActionView.swift */,
				18FAC2E32CA4302700CF9126 /* PracticeUIView.swift */,
				1869A3B52C9051A100124DBB /* PackageManagerUI.swift */,
			);
			path = ImportantConcept;
			sourceTree = "<group>";
		};
		189020CA2C83439B00707356 = {
			isa = PBXGroup;
			children = (
				189020D52C83439B00707356 /* HotProspects */,
				189020D42C83439B00707356 /* Products */,
			);
			sourceTree = "<group>";
		};
		189020D42C83439B00707356 /* Products */ = {
			isa = PBXGroup;
			children = (
				189020D32C83439B00707356 /* HotProspects.app */,
			);
			name = Products;
			sourceTree = "<group>";
		};
		189020D52C83439B00707356 /* HotProspects */ = {
			isa = PBXGroup;
			children = (
				1869A3B02C8EEA7B00124DBB /* ImportantConcept */,
				1869A3AE2C8EE58B00124DBB /* MeView.swift */,
				1869A3B12C8F74EB00124DBB /* ContentView.swift */,
				189020D62C83439B00707356 /* HotProspectsApp.swift */,
				1869A3AC2C8EE57300124DBB /* ProspectsView.swift */,
				1869A3B32C8F7B9800124DBB /* Prospect.swift */,
				189020DA2C83439D00707356 /* Assets.xcassets */,
				189020DC2C83439D00707356 /* Preview Content */,
			);
			path = HotProspects;
			sourceTree = "<group>";
		};
		189020DC2C83439D00707356 /* Preview Content */ = {
			isa = PBXGroup;
			children = (
				189020DD2C83439D00707356 /* Preview Assets.xcassets */,
			);
			path = "Preview Content";
			sourceTree = "<group>";
		};
/* End PBXGroup section */

/* Begin PBXNativeTarget section */
		189020D22C83439B00707356 /* HotProspects */ = {
			isa = PBXNativeTarget;
			buildConfigurationList = 189020E12C83439D00707356 /* Build configuration list for PBXNativeTarget "HotProspects" */;
			buildPhases = (
				189020CF2C83439B00707356 /* Sources */,
				189020D02C83439B00707356 /* Frameworks */,
				189020D12C83439B00707356 /* Resources */,
			);
			buildRules = (
			);
			dependencies = (
			);
			name = HotProspects;
			packageProductDependencies = (
				1869A3B82C90556000124DBB /* SamplePackage */,
				1869A3BB2C906F7000124DBB /* CodeScanner */,
			);
			productName = HotProspects;
			productReference = 189020D32C83439B00707356 /* HotProspects.app */;
			productType = "com.apple.product-type.application";
		};
/* End PBXNativeTarget section */

/* Begin PBXProject section */
		189020CB2C83439B00707356 /* Project object */ = {
			isa = PBXProject;
			attributes = {
				BuildIndependentTargetsInParallel = 1;
				LastSwiftUpdateCheck = 1540;
				LastUpgradeCheck = 1540;
				TargetAttributes = {
					189020D22C83439B00707356 = {
						CreatedOnToolsVersion = 15.4;
					};
				};
			};
			buildConfigurationList = 189020CE2C83439B00707356 /* Build configuration list for PBXProject "HotProspects" */;
			compatibilityVersion = "Xcode 14.0";
			developmentRegion = en;
			hasScannedForEncodings = 0;
			knownRegions = (
				en,
				Base,
			);
			mainGroup = 189020CA2C83439B00707356;
			packageReferences = (
				1869A3B72C90556000124DBB /* XCRemoteSwiftPackageReference "SamplePackage" */,
				1869A3BA2C906F7000124DBB /* XCRemoteSwiftPackageReference "CodeScanner" */,
			);
			productRefGroup = 189020D42C83439B00707356 /* Products */;
			projectDirPath = "";
			projectRoot = "";
			targets = (
				189020D22C83439B00707356 /* HotProspects */,
			);
		};
/* End PBXProject section */

/* Begin PBXResourcesBuildPhase section */
		189020D12C83439B00707356 /* Resources */ = {
			isa = PBXResourcesBuildPhase;
			buildActionMask = 2147483647;
			files = (
				189020DE2C83439D00707356 /* Preview Assets.xcassets in Resources */,
				189020DB2C83439D00707356 /* Assets.xcassets in Resources */,
			);
			runOnlyForDeploymentPostprocessing = 0;
		};
/* End PBXResourcesBuildPhase section */

/* Begin PBXSourcesBuildPhase section */
		189020CF2C83439B00707356 /* Sources */ = {
			isa = PBXSourcesBuildPhase;
			buildActionMask = 2147483647;
			files = (
				1869A3852C859D7700124DBB /* SwipeActionView.swift in Sources */,
				1869A3B42C8F7B9800124DBB /* Prospect.swift in Sources */,
				1869A3B22C8F74EB00124DBB /* ContentView.swift in Sources */,
				189020D92C83439B00707356 /* ContentViewSecond.swift in Sources */,
				1869A3B62C9051A100124DBB /* PackageManagerUI.swift in Sources */,
				189020E72C83C52A00707356 /* ResultView.swift in Sources */,
				1869A3AD2C8EE57300124DBB /* ProspectsView.swift in Sources */,
				1869A3AF2C8EE58B00124DBB /* MeView.swift in Sources */,
				189020E92C83D82700707356 /* InterpolationView.swift in Sources */,
				18FAC2E42CA4302700CF9126 /* PracticeUIView.swift in Sources */,
				189020E52C838F6300707356 /* TabViewUI.swift in Sources */,
				189020EB2C83DDD400707356 /* ContextMenuUI.swift in Sources */,
				189020D72C83439B00707356 /* HotProspectsApp.swift in Sources */,
				1869A3872C85A36100124DBB /* NotificationsView.swift in Sources */,
			);
			runOnlyForDeploymentPostprocessing = 0;
		};
/* End PBXSourcesBuildPhase section */

/* Begin XCBuildConfiguration section */
		189020DF2C83439D00707356 /* Debug */ = {
			isa = XCBuildConfiguration;
			buildSettings = {
				ALWAYS_SEARCH_USER_PATHS = NO;
				ASSETCATALOG_COMPILER_GENERATE_SWIFT_ASSET_SYMBOL_EXTENSIONS = YES;
				CLANG_ANALYZER_NONNULL = YES;
				CLANG_ANALYZER_NUMBER_OBJECT_CONVERSION = YES_AGGRESSIVE;
				CLANG_CXX_LANGUAGE_STANDARD = "gnu++20";
				CLANG_ENABLE_MODULES = YES;
				CLANG_ENABLE_OBJC_ARC = YES;
				CLANG_ENABLE_OBJC_WEAK = YES;
				CLANG_WARN_BLOCK_CAPTURE_AUTORELEASING = YES;
				CLANG_WARN_BOOL_CONVERSION = YES;
				CLANG_WARN_COMMA = YES;
				CLANG_WARN_CONSTANT_CONVERSION = YES;
				CLANG_WARN_DEPRECATED_OBJC_IMPLEMENTATIONS = YES;
				CLANG_WARN_DIRECT_OBJC_ISA_USAGE = YES_ERROR;
				CLANG_WARN_DOCUMENTATION_COMMENTS = YES;
				CLANG_WARN_EMPTY_BODY = YES;
				CLANG_WARN_ENUM_CONVERSION = YES;
				CLANG_WARN_INFINITE_RECURSION = YES;
				CLANG_WARN_INT_CONVERSION = YES;
				CLANG_WARN_NON_LITERAL_NULL_CONVERSION = YES;
				CLANG_WARN_OBJC_IMPLICIT_RETAIN_SELF = YES;
				CLANG_WARN_OBJC_LITERAL_CONVERSION = YES;
				CLANG_WARN_OBJC_ROOT_CLASS = YES_ERROR;
				CLANG_WARN_QUOTED_INCLUDE_IN_FRAMEWORK_HEADER = YES;
				CLANG_WARN_RANGE_LOOP_ANALYSIS = YES;
				CLANG_WARN_STRICT_PROTOTYPES = YES;
				CLANG_WARN_SUSPICIOUS_MOVE = YES;
				CLANG_WARN_UNGUARDED_AVAILABILITY = YES_AGGRESSIVE;
				CLANG_WARN_UNREACHABLE_CODE = YES;
				CLANG_WARN__DUPLICATE_METHOD_MATCH = YES;
				COPY_PHASE_STRIP = NO;
				DEBUG_INFORMATION_FORMAT = dwarf;
				ENABLE_STRICT_OBJC_MSGSEND = YES;
				ENABLE_TESTABILITY = YES;
				ENABLE_USER_SCRIPT_SANDBOXING = YES;
				GCC_C_LANGUAGE_STANDARD = gnu17;
				GCC_DYNAMIC_NO_PIC = NO;
				GCC_NO_COMMON_BLOCKS = YES;
				GCC_OPTIMIZATION_LEVEL = 0;
				GCC_PREPROCESSOR_DEFINITIONS = (
					"DEBUG=1",
					"$(inherited)",
				);
				GCC_WARN_64_TO_32_BIT_CONVERSION = YES;
				GCC_WARN_ABOUT_RETURN_TYPE = YES_ERROR;
				GCC_WARN_UNDECLARED_SELECTOR = YES;
				GCC_WARN_UNINITIALIZED_AUTOS = YES_AGGRESSIVE;
				GCC_WARN_UNUSED_FUNCTION = YES;
				GCC_WARN_UNUSED_VARIABLE = YES;
				IPHONEOS_DEPLOYMENT_TARGET = 17.5;
				LOCALIZATION_PREFERS_STRING_CATALOGS = YES;
				MTL_ENABLE_DEBUG_INFO = INCLUDE_SOURCE;
				MTL_FAST_MATH = YES;
				ONLY_ACTIVE_ARCH = YES;
				SDKROOT = iphoneos;
				SWIFT_ACTIVE_COMPILATION_CONDITIONS = "DEBUG $(inherited)";
				SWIFT_OPTIMIZATION_LEVEL = "-Onone";
			};
			name = Debug;
		};
		189020E02C83439D00707356 /* Release */ = {
			isa = XCBuildConfiguration;
			buildSettings = {
				ALWAYS_SEARCH_USER_PATHS = NO;
				ASSETCATALOG_COMPILER_GENERATE_SWIFT_ASSET_SYMBOL_EXTENSIONS = YES;
				CLANG_ANALYZER_NONNULL = YES;
				CLANG_ANALYZER_NUMBER_OBJECT_CONVERSION = YES_AGGRESSIVE;
				CLANG_CXX_LANGUAGE_STANDARD = "gnu++20";
				CLANG_ENABLE_MODULES = YES;
				CLANG_ENABLE_OBJC_ARC = YES;
				CLANG_ENABLE_OBJC_WEAK = YES;
				CLANG_WARN_BLOCK_CAPTURE_AUTORELEASING = YES;
				CLANG_WARN_BOOL_CONVERSION = YES;
				CLANG_WARN_COMMA = YES;
				CLANG_WARN_CONSTANT_CONVERSION = YES;
				CLANG_WARN_DEPRECATED_OBJC_IMPLEMENTATIONS = YES;
				CLANG_WARN_DIRECT_OBJC_ISA_USAGE = YES_ERROR;
				CLANG_WARN_DOCUMENTATION_COMMENTS = YES;
				CLANG_WARN_EMPTY_BODY = YES;
				CLANG_WARN_ENUM_CONVERSION = YES;
				CLANG_WARN_INFINITE_RECURSION = YES;
				CLANG_WARN_INT_CONVERSION = YES;
				CLANG_WARN_NON_LITERAL_NULL_CONVERSION = YES;
				CLANG_WARN_OBJC_IMPLICIT_RETAIN_SELF = YES;
				CLANG_WARN_OBJC_LITERAL_CONVERSION = YES;
				CLANG_WARN_OBJC_ROOT_CLASS = YES_ERROR;
				CLANG_WARN_QUOTED_INCLUDE_IN_FRAMEWORK_HEADER = YES;
				CLANG_WARN_RANGE_LOOP_ANALYSIS = YES;
				CLANG_WARN_STRICT_PROTOTYPES = YES;
				CLANG_WARN_SUSPICIOUS_MOVE = YES;
				CLANG_WARN_UNGUARDED_AVAILABILITY = YES_AGGRESSIVE;
				CLANG_WARN_UNREACHABLE_CODE = YES;
				CLANG_WARN__DUPLICATE_METHOD_MATCH = YES;
				COPY_PHASE_STRIP = NO;
				DEBUG_INFORMATION_FORMAT = "dwarf-with-dsym";
				ENABLE_NS_ASSERTIONS = NO;
				ENABLE_STRICT_OBJC_MSGSEND = YES;
				ENABLE_USER_SCRIPT_SANDBOXING = YES;
				GCC_C_LANGUAGE_STANDARD = gnu17;
				GCC_NO_COMMON_BLOCKS = YES;
				GCC_WARN_64_TO_32_BIT_CONVERSION = YES;
				GCC_WARN_ABOUT_RETURN_TYPE = YES_ERROR;
				GCC_WARN_UNDECLARED_SELECTOR = YES;
				GCC_WARN_UNINITIALIZED_AUTOS = YES_AGGRESSIVE;
				GCC_WARN_UNUSED_FUNCTION = YES;
				GCC_WARN_UNUSED_VARIABLE = YES;
				IPHONEOS_DEPLOYMENT_TARGET = 17.5;
				LOCALIZATION_PREFERS_STRING_CATALOGS = YES;
				MTL_ENABLE_DEBUG_INFO = NO;
				MTL_FAST_MATH = YES;
				SDKROOT = iphoneos;
				SWIFT_COMPILATION_MODE = wholemodule;
				VALIDATE_PRODUCT = YES;
			};
			name = Release;
		};
		189020E22C83439D00707356 /* Debug */ = {
			isa = XCBuildConfiguration;
			buildSettings = {
				ASSETCATALOG_COMPILER_APPICON_NAME = AppIcon;
				ASSETCATALOG_COMPILER_GLOBAL_ACCENT_COLOR_NAME = AccentColor;
				CODE_SIGN_STYLE = Automatic;
				CURRENT_PROJECT_VERSION = 1;
				DEVELOPMENT_ASSET_PATHS = "\"HotProspects/Preview Content\"";
				DEVELOPMENT_TEAM = UXPFR8BLZ6;
				ENABLE_PREVIEWS = YES;
				GENERATE_INFOPLIST_FILE = YES;
				INFOPLIST_KEY_NSCameraUsageDescription = "";
				INFOPLIST_KEY_NSPhotoLibraryAddUsageDescription = "We want to save your QR code.";
				INFOPLIST_KEY_UIApplicationSceneManifest_Generation = YES;
				INFOPLIST_KEY_UIApplicationSupportsIndirectInputEvents = YES;
				INFOPLIST_KEY_UILaunchScreen_Generation = YES;
				INFOPLIST_KEY_UISupportedInterfaceOrientations_iPad = "UIInterfaceOrientationPortrait UIInterfaceOrientationPortraitUpsideDown UIInterfaceOrientationLandscapeLeft UIInterfaceOrientationLandscapeRight";
				INFOPLIST_KEY_UISupportedInterfaceOrientations_iPhone = "UIInterfaceOrientationPortrait UIInterfaceOrientationLandscapeLeft UIInterfaceOrientationLandscapeRight";
				LD_RUNPATH_SEARCH_PATHS = (
					"$(inherited)",
					"@executable_path/Frameworks",
				);
				MARKETING_VERSION = 1.0;
				PRODUCT_BUNDLE_IDENTIFIER = me.choubisa.aditya.HotProspects;
				PRODUCT_NAME = "$(TARGET_NAME)";
				SWIFT_EMIT_LOC_STRINGS = YES;
				SWIFT_VERSION = 5.0;
				TARGETED_DEVICE_FAMILY = "1,2";
			};
			name = Debug;
		};
		189020E32C83439D00707356 /* Release */ = {
			isa = XCBuildConfiguration;
			buildSettings = {
				ASSETCATALOG_COMPILER_APPICON_NAME = AppIcon;
				ASSETCATALOG_COMPILER_GLOBAL_ACCENT_COLOR_NAME = AccentColor;
				CODE_SIGN_STYLE = Automatic;
				CURRENT_PROJECT_VERSION = 1;
				DEVELOPMENT_ASSET_PATHS = "\"HotProspects/Preview Content\"";
				DEVELOPMENT_TEAM = UXPFR8BLZ6;
				ENABLE_PREVIEWS = YES;
				GENERATE_INFOPLIST_FILE = YES;
				INFOPLIST_KEY_NSCameraUsageDescription = "";
				INFOPLIST_KEY_NSPhotoLibraryAddUsageDescription = "We want to save your QR code.";
				INFOPLIST_KEY_UIApplicationSceneManifest_Generation = YES;
				INFOPLIST_KEY_UIApplicationSupportsIndirectInputEvents = YES;
				INFOPLIST_KEY_UILaunchScreen_Generation = YES;
				INFOPLIST_KEY_UISupportedInterfaceOrientations_iPad = "UIInterfaceOrientationPortrait UIInterfaceOrientationPortraitUpsideDown UIInterfaceOrientationLandscapeLeft UIInterfaceOrientationLandscapeRight";
				INFOPLIST_KEY_UISupportedInterfaceOrientations_iPhone = "UIInterfaceOrientationPortrait UIInterfaceOrientationLandscapeLeft UIInterfaceOrientationLandscapeRight";
				LD_RUNPATH_SEARCH_PATHS = (
					"$(inherited)",
					"@executable_path/Frameworks",
				);
				MARKETING_VERSION = 1.0;
				PRODUCT_BUNDLE_IDENTIFIER = me.choubisa.aditya.HotProspects;
				PRODUCT_NAME = "$(TARGET_NAME)";
				SWIFT_EMIT_LOC_STRINGS = YES;
				SWIFT_VERSION = 5.0;
				TARGETED_DEVICE_FAMILY = "1,2";
			};
			name = Release;
		};
/* End XCBuildConfiguration section */

/* Begin XCConfigurationList section */
		189020CE2C83439B00707356 /* Build configuration list for PBXProject "HotProspects" */ = {
			isa = XCConfigurationList;
			buildConfigurations = (
				189020DF2C83439D00707356 /* Debug */,
				189020E02C83439D00707356 /* Release */,
			);
			defaultConfigurationIsVisible = 0;
			defaultConfigurationName = Release;
		};
		189020E12C83439D00707356 /* Build configuration list for PBXNativeTarget "HotProspects" */ = {
			isa = XCConfigurationList;
			buildConfigurations = (
				189020E22C83439D00707356 /* Debug */,
				189020E32C83439D00707356 /* Release */,
			);
			defaultConfigurationIsVisible = 0;
			defaultConfigurationName = Release;
		};
/* End XCConfigurationList section */

/* Begin XCRemoteSwiftPackageReference section */
		1869A3B72C90556000124DBB /* XCRemoteSwiftPackageReference "SamplePackage" */ = {
			isa = XCRemoteSwiftPackageReference;
			repositoryURL = "https://github.com/twostraws/SamplePackage";
			requirement = {
				kind = upToNextMajorVersion;
				minimumVersion = 1.0.0;
			};
		};
		1869A3BA2C906F7000124DBB /* XCRemoteSwiftPackageReference "CodeScanner" */ = {
			isa = XCRemoteSwiftPackageReference;
			repositoryURL = "https://github.com/twostraws/CodeScanner";
			requirement = {
				kind = upToNextMajorVersion;
				minimumVersion = 2.5.0;
			};
		};
/* End XCRemoteSwiftPackageReference section */

/* Begin XCSwiftPackageProductDependency section */
		1869A3B82C90556000124DBB /* SamplePackage */ = {
			isa = XCSwiftPackageProductDependency;
			package = 1869A3B72C90556000124DBB /* XCRemoteSwiftPackageReference "SamplePackage" */;
			productName = SamplePackage;
		};
		1869A3BB2C906F7000124DBB /* CodeScanner */ = {
			isa = XCSwiftPackageProductDependency;
			package = 1869A3BA2C906F7000124DBB /* XCRemoteSwiftPackageReference "CodeScanner" */;
			productName = CodeScanner;
		};
/* End XCSwiftPackageProductDependency section */
	};
	rootObject = 189020CB2C83439B00707356 /* Project object */;
}
